# Hash-pinned dependency lock for reproducible builds.
#
# Every dependency in pyproject.toml is an open range, so without this file
# each build resolved to whatever was newest on PyPI at the time and a
# compromised release inside the range would install silently.
#
# Regenerate with:
#   python -m pip install --dry-run --ignore-installed --report report.json <requirements>
#   python scripts/write_lock.py report.json > requirements.lock
#
# Install with:  pip install --require-hashes -r requirements.lock

annotated-doc==0.0.5 \
    --hash=sha256:117bac03a25ede5df5440e855b32d556049ca169ead221505badf432fed4b101
annotated-types==0.8.0 \
    --hash=sha256:f072f4d804ea359e4eaf198b1af7a8b0943881a87f31bb764f8bf219bb9419e0
anyio==4.14.2 \
    --hash=sha256:9f505dda5ac9f0c8309b5e8bd445a8c2bf7246f3ce950121e45ea15bc41d1494
certifi==2026.7.22 \
    --hash=sha256:62f22742b58a1a33014a2b6b706588a8d7e2a88ae7bd1a6ebe8c992928483775
cffi==2.1.1 \
    --hash=sha256:19ee6127ee34de7d83ce3d371ebc5ed91addbdcc39f9ab15ce4eb35a4e534971
charset-normalizer==3.5.1 \
    --hash=sha256:e90251c0c7bdd54a100a0dce3c07b7e637278c93af29dbf78ebb89a58c4bac7d
click==8.5.0 \
    --hash=sha256:255bc9599cf7748b4b1a446ccc735421bd08a2ae529a8b88597d3de5664ee360
cryptography==50.0.1 \
    --hash=sha256:b8f852c65863251b9e3a1b8c150ce21e59b522dbb6a7d4bc80e680d38388e986
earthengine-api==1.7.41 \
    --hash=sha256:76e3e439bbec51e5ff1764edbd0eb127141f83bf3781c45cb0c3b1caf3e07899
fastapi==0.141.1 \
    --hash=sha256:bfb91aa2d334c61cb35ba9a116fc123b3d3df31640b801cf57a7a78ec3f603b3
google-api-core==2.34.0 \
    --hash=sha256:cdf9c67e7ca2402d86ccbfde5f2503fc83e3cc3f58cc78456ae96cad24a6d2de
google-api-python-client==2.199.0 \
    --hash=sha256:1d2fa0e7f9d68f063b1a9ff7ed290d6e6c93176260487bf3a991e41534ca23a3
google-auth==2.57.0 \
    --hash=sha256:180dafe015cfb62193bea26b677500fab5b9fd51a1e825ebf3ad9b182047ae59
google-auth-httplib2==0.4.2 \
    --hash=sha256:4298dd6b1415972d0c464b7177e6a69a595e7aec5b972222ecdca342f6009647
google-cloud-core==2.7.0 \
    --hash=sha256:c18a250904cfdda021eb3ae8b8238c9f9ca272a4cbbfb5cba946b3fe3022eed1
google-cloud-storage==3.13.1 \
    --hash=sha256:98208de6c21e85cecd3eb44551894efff33d98365500e178867d4305854a770a
google-crc32c==1.8.0 \
    --hash=sha256:3ebb04528e83b2634857f43f9bb8ef5b2bbe7f10f140daeb01b58f972d04736b
google-resumable-media==2.10.2 \
    --hash=sha256:e3cedc827a4ea41e216582d74346f1fb9fceb625a8c3c53912f2ca1d663334d7
googleapis-common-protos==1.75.2 \
    --hash=sha256:6b83302f554ea93a0f48409c7fc2050f954bcbcddb7e3a9c76d4a823cb22920e
h11==0.16.0 \
    --hash=sha256:63cf8bbe7522de3bf65932fda1d9c2772064ffb3dae62d55932da54b31cb6c86
httpcore==1.0.9 \
    --hash=sha256:2d400746a40668fc9dec9810239072b40b4484b640a8c38fd654a024c7a1bf55
httplib2==0.32.0 \
    --hash=sha256:dc6705cacdf3fb0a2aba7629fa33c90fd93e30035db0c157325826be177e4816
httpx==0.28.1 \
    --hash=sha256:d909fcccc110f8c7faf814ca82a9a4d816bc5a6dbfea25d6591d6985b8ba59ad
idna==3.19 \
    --hash=sha256:815e7be7a7806d54abb586dc943addc79e8b2ee16915059658cbeff4b1b43bf4
iniconfig==2.3.0 \
    --hash=sha256:f631c04d2c48c52b84d0d0549c99ff3859c98df65b3101406327ecc7d53fbf12
numpy==2.5.2 \
    --hash=sha256:29d81e97f668489cba8ebfd796b9bdd453525d35dd9e162e2daec94bf3fc7740
packaging==26.3 \
    --hash=sha256:d7193f7c8e4e93f444fde0262bf90af30e16fa0ad0ad44cb553c87339b23cd1c
pandas==2.3.3 \
    --hash=sha256:bdcd9d1167f4885211e401b3036c0c8d9e274eee67ea8d0758a256d60704cfe8
pillow==12.3.0 \
    --hash=sha256:d69141514cc30b774ceea5e3ed3a6635c8d8a96edf664689b890f4089111fb35
pluggy==1.6.0 \
    --hash=sha256:e920276dd6813095e9377c0bc5566d94c932c33b27a3e3945d8389c374dd4746
proto-plus==1.28.4 \
    --hash=sha256:4b01341272f8a348db3f003b6143109f83ab43091019d5181b3fcdf500ab32aa
protobuf==7.36.0 \
    --hash=sha256:9103532dffd80c6fab7e50c65a31007680a06eb57537d437bb1b35812c138a37
pyasn1==0.6.4 \
    --hash=sha256:deda9277cfd454080ec40b207fb6df82206a3a2688735233cdcd8d3d565f088b
pyasn1_modules==0.4.2 \
    --hash=sha256:29253a9207ce32b64c3ac6600edc75368f98473906e8fd1043bd6b5b1de2c14a
pycparser==3.0 \
    --hash=sha256:b727414169a36b7d524c1c3e31839a521725078d7b2ff038656844266160a992
pydantic==2.13.4 \
    --hash=sha256:45a282cde31d808236fd7ea9d919b128653c8b38b393d1c4ab335c62924d9aba
pydantic_core==2.46.4 \
    --hash=sha256:c94f0688e7b8d0a67abf40e57a7eaaecd17cc9586706a31b76c031f63df052b4
Pygments==2.21.0 \
    --hash=sha256:2363c69b61c4a97c838da3b130dcd6468f4848992b21a82f2a63ec34377137d9
pyparsing==3.3.2 \
    --hash=sha256:850ba148bd908d7e2411587e247a1e4f0327839c40e2e5e6d05a007ecc69911d
pytest==8.4.2 \
    --hash=sha256:872f880de3fc3a5bdc88a11b39c9710c3497a547cfa9320bc3c5e62fbf272e79
python-dateutil==2.9.0.post0 \
    --hash=sha256:a8b2bc7bffae282281c8140a97d3aa9c14da0b136dfe83f850eea9a5f7470427
pytz==2026.3.post1 \
    --hash=sha256:dd95840dd199baea12d9cc096a1d452caa6596a1c1e4b5f3dbd1541855d5e815
reportlab==4.5.1 \
    --hash=sha256:06fce8cb56c83307cfa4909cdf4e6a2ddbb44e5d6ef4d2edca896d7e9769f091
requests==2.34.2 \
    --hash=sha256:2a0d60c172f83ac6ab31e4554906c0f3b3588d37b5cb939b1c061f4907e278e0
six==1.17.0 \
    --hash=sha256:4721f391ed90541fddacab5acf947aa0d3dc7d27b2e1e8eda2be8970586c3274
starlette==1.6.0 \
    --hash=sha256:a86dd39d14bb45f85a3d18525215a9ef0cfd1f192ac793220e72598c90335f0c
typing-inspection==0.4.4 \
    --hash=sha256:65b8397ba37ccbce054456aaccddfc91e6e3083c92824df348d96ca832f3f147
typing_extensions==4.16.0 \
    --hash=sha256:481caa481374e813c1b176ada14e97f1f67a4539ce9cfeb3f350d78d6370c2e8
tzdata==2026.3 \
    --hash=sha256:dc096730c87af6cab1b171c9d532be840741ff5d459015e7f6947bd7d7e54931
uritemplate==4.2.0 \
    --hash=sha256:962201ba1c4edcab02e60f9a0d3821e82dfc5d2d6662a21abd533879bdb8a686
urllib3==2.7.0 \
    --hash=sha256:9fb4c81ebbb1ce9531cce37674bbc6f1360472bc18ca9a553ede278ef7276897
uvicorn==0.52.4 \
    --hash=sha256:f86e41a149d7d05a9969337e3946a9c171c06a5d42680896daaba624aeac8da1
